// !$*UTF8*$!
{
	archiveVersion = 1;
	classes = {
	};
	objectVersion = 49;
	objects = {

/* Begin PBXBuildFile section */
		C148C91C2285663E0071FB92 /* ShowNoteViewController.swift in Sources */ = {isa = PBXBuildFile; fileRef = C148C91B2285663E0071FB92 /* ShowNoteViewController.swift */; };
		C148C91E228588810071FB92 /* SortingTypes.swift in Sources */ = {isa = PBXBuildFile; fileRef = C148C91D228588810071FB92 /* SortingTypes.swift */; };
		C148C9202285AA890071FB92 /* EditNoteViewController.swift in Sources */ = {isa = PBXBuildFile; fileRef = C148C91F2285AA890071FB92 /* EditNoteViewController.swift */; };
		C149E20B2284575000E4972F /* AppDelegate.swift in Sources */ = {isa = PBXBuildFile; fileRef = C149E20A2284575000E4972F /* AppDelegate.swift */; };
		C149E20D2284575000E4972F /* NotepadViewController.swift in Sources */ = {isa = PBXBuildFile; fileRef = C149E20C2284575000E4972F /* NotepadViewController.swift */; };
		C149E2102284575000E4972F /* Main.storyboard in Resources */ = {isa = PBXBuildFile; fileRef = C149E20E2284575000E4972F /* Main.storyboard */; };
		C149E2132284575000E4972F /* Notes.xcdatamodeld in Sources */ = {isa = PBXBuildFile; fileRef = C149E2112284575000E4972F /* Notes.xcdatamodeld */; };
		C149E2152284575300E4972F /* Assets.xcassets in Resources */ = {isa = PBXBuildFile; fileRef = C149E2142284575300E4972F /* Assets.xcassets */; };
		C149E2182284575300E4972F /* LaunchScreen.storyboard in Resources */ = {isa = PBXBuildFile; fileRef = C149E2162284575300E4972F /* LaunchScreen.storyboard */; };
		C149E22B22847CA900E4972F /* NoteTableViewCell.swift in Sources */ = {isa = PBXBuildFile; fileRef = C149E22A22847CA900E4972F /* NoteTableViewCell.swift */; };
		C149E22D228494D500E4972F /* AddNewNoteViewController.swift in Sources */ = {isa = PBXBuildFile; fileRef = C149E22C228494D500E4972F /* AddNewNoteViewController.swift */; };
/* End PBXBuildFile section */

/* Begin PBXFileReference section */
		C148C91B2285663E0071FB92 /* ShowNoteViewController.swift */ = {isa = PBXFileReference; lastKnownFileType = sourcecode.swift; path = ShowNoteViewController.swift; sourceTree = "<group>"; };
		C148C91D228588810071FB92 /* SortingTypes.swift */ = {isa = PBXFileReference; lastKnownFileType = sourcecode.swift; path = SortingTypes.swift; sourceTree = "<group>"; };
		C148C91F2285AA890071FB92 /* EditNoteViewController.swift */ = {isa = PBXFileReference; lastKnownFileType = sourcecode.swift; path = EditNoteViewController.swift; sourceTree = "<group>"; };
		C149E2072284575000E4972F /* NotepadByV.Likhotkina.app */ = {isa = PBXFileReference; explicitFileType = wrapper.application; includeInIndex = 0; path = NotepadByV.Likhotkina.app; sourceTree = BUILT_PRODUCTS_DIR; };
		C149E20A2284575000E4972F /* AppDelegate.swift */ = {isa = PBXFileReference; lastKnownFileType = sourcecode.swift; path = AppDelegate.swift; sourceTree = "<group>"; };
		C149E20C2284575000E4972F /* NotepadViewController.swift */ = {isa = PBXFileReference; lastKnownFileType = sourcecode.swift; path = NotepadViewController.swift; sourceTree = "<group>"; };
		C149E20F2284575000E4972F /* Base */ = {isa = PBXFileReference; lastKnownFileType = file.storyboard; name = Base; path = Base.lproj/Main.storyboard; sourceTree = "<group>"; };
		C149E2122284575000E4972F /* NotepadByV_Likhotkina.xcdatamodel */ = {isa = PBXFileReference; lastKnownFileType = wrapper.xcdatamodel; path = NotepadByV_Likhotkina.xcdatamodel; sourceTree = "<group>"; };
		C149E2142284575300E4972F /* Assets.xcassets */ = {isa = PBXFileReference; lastKnownFileType = folder.assetcatalog; path = Assets.xcassets; sourceTree = "<group>"; };
		C149E2172284575300E4972F /* Base */ = {isa = PBXFileReference; lastKnownFileType = file.storyboard; name = Base; path = Base.lproj/LaunchScreen.storyboard; sourceTree = "<group>"; };
		C149E2192284575300E4972F /* Info.plist */ = {isa = PBXFileReference; lastKnownFileType = text.plist.xml; path = Info.plist; sourceTree = "<group>"; };
		C149E22A22847CA900E4972F /* NoteTableViewCell.swift */ = {isa = PBXFileReference; lastKnownFileType = sourcecode.swift; path = NoteTableViewCell.swift; sourceTree = "<group>"; };
		C149E22C228494D500E4972F /* AddNewNoteViewController.swift */ = {isa = PBXFileReference; lastKnownFileType = sourcecode.swift; path = AddNewNoteViewController.swift; sourceTree = "<group>"; };
/* End PBXFileReference section */

/* Begin PBXFrameworksBuildPhase section */
		C149E2042284575000E4972F /* Frameworks */ = {
			isa = PBXFrameworksBuildPhase;
			buildActionMask = 2147483647;
			files = (
			);
			runOnlyForDeploymentPostprocessing = 0;
		};
/* End PBXFrameworksBuildPhase section */

/* Begin PBXGroup section */
		C149E1FE2284575000E4972F = {
			isa = PBXGroup;
			children = (
				C149E2092284575000E4972F /* NotepadByV.Likhotkina */,
				C149E2082284575000E4972F /* Products */,
			);
			sourceTree = "<group>";
		};
		C149E2082284575000E4972F /* Products */ = {
			isa = PBXGroup;
			children = (
				C149E2072284575000E4972F /* NotepadByV.Likhotkina.app */,
			);
			name = Products;
			sourceTree = "<group>";
		};
		C149E2092284575000E4972F /* NotepadByV.Likhotkina */ = {
			isa = PBXGroup;
			children = (
				C149E21F228457A700E4972F /* Model */,
				C149E220228457B500E4972F /* View */,
				C149E221228457C100E4972F /* Controller */,
				C149E20A2284575000E4972F /* AppDelegate.swift */,
				C149E2142284575300E4972F /* Assets.xcassets */,
				C149E2192284575300E4972F /* Info.plist */,
			);
			path = NotepadByV.Likhotkina;
			sourceTree = "<group>";
		};
		C149E21F228457A700E4972F /* Model */ = {
			isa = PBXGroup;
			children = (
				C149E2112284575000E4972F /* Notes.xcdatamodeld */,
				C148C91D228588810071FB92 /* SortingTypes.swift */,
			);
			path = Model;
			sourceTree = "<group>";
		};
		C149E220228457B500E4972F /* View */ = {
			isa = PBXGroup;
			children = (
				C149E2162284575300E4972F /* LaunchScreen.storyboard */,
				C149E20E2284575000E4972F /* Main.storyboard */,
				C149E22A22847CA900E4972F /* NoteTableViewCell.swift */,
			);
			path = View;
			sourceTree = "<group>";
		};
		C149E221228457C100E4972F /* Controller */ = {
			isa = PBXGroup;
			children = (
				C149E20C2284575000E4972F /* NotepadViewController.swift */,
				C149E22C228494D500E4972F /* AddNewNoteViewController.swift */,
				C148C91B2285663E0071FB92 /* ShowNoteViewController.swift */,
				C148C91F2285AA890071FB92 /* EditNoteViewController.swift */,
			);
			path = Controller;
			sourceTree = "<group>";
		};
/* End PBXGroup section */

/* Begin PBXNativeTarget section */
		C149E2062284575000E4972F /* NotepadByV.Likhotkina */ = {
			isa = PBXNativeTarget;
			buildConfigurationList = C149E21C2284575300E4972F /* Build configuration list for PBXNativeTarget "NotepadByV.Likhotkina" */;
			buildPhases = (
				C149E2032284575000E4972F /* Sources */,
				C149E2042284575000E4972F /* Frameworks */,
				C149E2052284575000E4972F /* Resources */,
			);
			buildRules = (
			);
			dependencies = (
			);
			name = NotepadByV.Likhotkina;
			productName = NotepadByV.Likhotkina;
			productReference = C149E2072284575000E4972F /* NotepadByV.Likhotkina.app */;
			productType = "com.apple.product-type.application";
		};
/* End PBXNativeTarget section */

/* Begin PBXProject section */
		C149E1FF2284575000E4972F /* Project object */ = {
			isa = PBXProject;
			attributes = {
				LastSwiftUpdateCheck = 1020;
				LastUpgradeCheck = 1020;
				ORGANIZATIONNAME = Viktoria;
				TargetAttributes = {
					C149E2062284575000E4972F = {
						CreatedOnToolsVersion = 10.2.1;
					};
				};
			};
			buildConfigurationList = C149E2022284575000E4972F /* Build configuration list for PBXProject "NotepadByV.Likhotkina" */;
			compatibilityVersion = "Xcode 9.3";
			developmentRegion = en;
			hasScannedForEncodings = 0;
			knownRegions = (
				en,
				Base,
			);
			mainGroup = C149E1FE2284575000E4972F;
			productRefGroup = C149E2082284575000E4972F /* Products */;
			projectDirPath = "";
			projectRoot = "";
			targets = (
				C149E2062284575000E4972F /* NotepadByV.Likhotkina */,
			);
		};
/* End PBXProject section */

/* Begin PBXResourcesBuildPhase section */
		C149E2052284575000E4972F /* Resources */ = {
			isa = PBXResourcesBuildPhase;
			buildActionMask = 2147483647;
			files = (
				C149E2182284575300E4972F /* LaunchScreen.storyboard in Resources */,
				C149E2152284575300E4972F /* Assets.xcassets in Resources */,
				C149E2102284575000E4972F /* Main.storyboard in Resources */,
			);
			runOnlyForDeploymentPostprocessing = 0;
		};
/* End PBXResourcesBuildPhase section */

/* Begin PBXSourcesBuildPhase section */
		C149E2032284575000E4972F /* Sources */ = {
			isa = PBXSourcesBuildPhase;
			buildActionMask = 2147483647;
			files = (
				C148C91E228588810071FB92 /* SortingTypes.swift in Sources */,
				C149E20D2284575000E4972F /* NotepadViewController.swift in Sources */,
				C148C9202285AA890071FB92 /* EditNoteViewController.swift in Sources */,
				C149E2132284575000E4972F /* Notes.xcdatamodeld in Sources */,
				C149E22D228494D500E4972F /* AddNewNoteViewController.swift in Sources */,
				C149E20B2284575000E4972F /* AppDelegate.swift in Sources */,
				C149E22B22847CA900E4972F /* NoteTableViewCell.swift in Sources */,
				C148C91C2285663E0071FB92 /* ShowNoteViewController.swift in Sources */,
			);
			runOnlyForDeploymentPostprocessing = 0;
		};
/* End PBXSourcesBuildPhase section */

/* Begin PBXVariantGroup section */
		C149E20E2284575000E4972F /* Main.storyboard */ = {
			isa = PBXVariantGroup;
			children = (
				C149E20F2284575000E4972F /* Base */,
			);
			name = Main.storyboard;
			sourceTree = "<group>";
		};
		C149E2162284575300E4972F /* LaunchScreen.storyboard */ = {
			isa = PBXVariantGroup;
			children = (
				C149E2172284575300E4972F /* Base */,
			);
			name = LaunchScreen.storyboard;
			sourceTree = "<group>";
		};
/* End PBXVariantGroup section */

/* Begin XCBuildConfiguration section */
		C149E21A2284575300E4972F /* Debug */ = {
			isa = XCBuildConfiguration;
			buildSettings = {
				ALWAYS_SEARCH_USER_PATHS = NO;
				CLANG_ANALYZER_NONNULL = YES;
				CLANG_ANALYZER_NUMBER_OBJECT_CONVERSION = YES_AGGRESSIVE;
				CLANG_CXX_LANGUAGE_STANDARD = "gnu++14";
				CLANG_CXX_LIBRARY = "libc++";
				CLANG_ENABLE_MODULES = YES;
				CLANG_ENABLE_OBJC_ARC = YES;
				CLANG_ENABLE_OBJC_WEAK = YES;
				CLANG_WARN_BLOCK_CAPTURE_AUTORELEASING = YES;
				CLANG_WARN_BOOL_CONVERSION = YES;
				CLANG_WARN_COMMA = YES;
				CLANG_WARN_CONSTANT_CONVERSION = YES;
				CLANG_WARN_DEPRECATED_OBJC_IMPLEMENTATIONS = YES;
				CLANG_WARN_DIRECT_OBJC_ISA_USAGE = YES_ERROR;
				CLANG_WARN_DOCUMENTATION_COMMENTS = YES;
				CLANG_WARN_EMPTY_BODY = YES;
				CLANG_WARN_ENUM_CONVERSION = YES;
				CLANG_WARN_INFINITE_RECURSION = YES;
				CLANG_WARN_INT_CONVERSION = YES;
				CLANG_WARN_NON_LITERAL_NULL_CONVERSION = YES;
				CLANG_WARN_OBJC_IMPLICIT_RETAIN_SELF = YES;
				CLANG_WARN_OBJC_LITERAL_CONVERSION = YES;
				CLANG_WARN_OBJC_ROOT_CLASS = YES_ERROR;
				CLANG_WARN_RANGE_LOOP_ANALYSIS = YES;
				CLANG_WARN_STRICT_PROTOTYPES = YES;
				CLANG_WARN_SUSPICIOUS_MOVE = YES;
				CLANG_WARN_UNGUARDED_AVAILABILITY = YES_AGGRESSIVE;
				CLANG_WARN_UNREACHABLE_CODE = YES;
				CLANG_WARN__DUPLICATE_METHOD_MATCH = YES;
				CODE_SIGN_IDENTITY = "iPhone Developer";
				COPY_PHASE_STRIP = NO;
				DEBUG_INFORMATION_FORMAT = dwarf;
				ENABLE_STRICT_OBJC_MSGSEND = YES;
				ENABLE_TESTABILITY = YES;
				GCC_C_LANGUAGE_STANDARD = gnu11;
				GCC_DYNAMIC_NO_PIC = NO;
				GCC_NO_COMMON_BLOCKS = YES;
				GCC_OPTIMIZATION_LEVEL = 0;
				GCC_PREPROCESSOR_DEFINITIONS = (
					"DEBUG=1",
					"$(inherited)",
				);
				GCC_WARN_64_TO_32_BIT_CONVERSION = YES;
				GCC_WARN_ABOUT_RETURN_TYPE = YES_ERROR;
				GCC_WARN_UNDECLARED_SELECTOR = YES;
				GCC_WARN_UNINITIALIZED_AUTOS = YES_AGGRESSIVE;
				GCC_WARN_UNUSED_FUNCTION = YES;
				GCC_WARN_UNUSED_VARIABLE = YES;
				IPHONEOS_DEPLOYMENT_TARGET = 12.2;
				MTL_ENABLE_DEBUG_INFO = INCLUDE_SOURCE;
				MTL_FAST_MATH = YES;
				ONLY_ACTIVE_ARCH = YES;
				SDKROOT = iphoneos;
				SWIFT_ACTIVE_COMPILATION_CONDITIONS = DEBUG;
				SWIFT_OPTIMIZATION_LEVEL = "-Onone";
			};
			name = Debug;
		};
		C149E21B2284575300E4972F /* Release */ = {
			isa = XCBuildConfiguration;
			buildSettings = {
				ALWAYS_SEARCH_USER_PATHS = NO;
				CLANG_ANALYZER_NONNULL = YES;
				CLANG_ANALYZER_NUMBER_OBJECT_CONVERSION = YES_AGGRESSIVE;
				CLANG_CXX_LANGUAGE_STANDARD = "gnu++14";
				CLANG_CXX_LIBRARY = "libc++";
				CLANG_ENABLE_MODULES = YES;
				CLANG_ENABLE_OBJC_ARC = YES;
				CLANG_ENABLE_OBJC_WEAK = YES;
				CLANG_WARN_BLOCK_CAPTURE_AUTORELEASING = YES;
				CLANG_WARN_BOOL_CONVERSION = YES;
				CLANG_WARN_COMMA = YES;
				CLANG_WARN_CONSTANT_CONVERSION = YES;
				CLANG_WARN_DEPRECATED_OBJC_IMPLEMENTATIONS = YES;
				CLANG_WARN_DIRECT_OBJC_ISA_USAGE = YES_ERROR;
				CLANG_WARN_DOCUMENTATION_COMMENTS = YES;
				CLANG_WARN_EMPTY_BODY = YES;
				CLANG_WARN_ENUM_CONVERSION = YES;
				CLANG_WARN_INFINITE_RECURSION = YES;
				CLANG_WARN_INT_CONVERSION = YES;
				CLANG_WARN_NON_LITERAL_NULL_CONVERSION = YES;
				CLANG_WARN_OBJC_IMPLICIT_RETAIN_SELF = YES;
				CLANG_WARN_OBJC_LITERAL_CONVERSION = YES;
				CLANG_WARN_OBJC_ROOT_CLASS = YES_ERROR;
				CLANG_WARN_RANGE_LOOP_ANALYSIS = YES;
				CLANG_WARN_STRICT_PROTOTYPES = YES;
				CLANG_WARN_SUSPICIOUS_MOVE = YES;
				CLANG_WARN_UNGUARDED_AVAILABILITY = YES_AGGRESSIVE;
				CLANG_WARN_UNREACHABLE_CODE = YES;
				CLANG_WARN__DUPLICATE_METHOD_MATCH = YES;
				CODE_SIGN_IDENTITY = "iPhone Developer";
				COPY_PHASE_STRIP = NO;
				DEBUG_INFORMATION_FORMAT = "dwarf-with-dsym";
				ENABLE_NS_ASSERTIONS = NO;
				ENABLE_STRICT_OBJC_MSGSEND = YES;
				GCC_C_LANGUAGE_STANDARD = gnu11;
				GCC_NO_COMMON_BLOCKS = YES;
				GCC_WARN_64_TO_32_BIT_CONVERSION = YES;
				GCC_WARN_ABOUT_RETURN_TYPE = YES_ERROR;
				GCC_WARN_UNDECLARED_SELECTOR = YES;
				GCC_WARN_UNINITIALIZED_AUTOS = YES_AGGRESSIVE;
				GCC_WARN_UNUSED_FUNCTION = YES;
				GCC_WARN_UNUSED_VARIABLE = YES;
				IPHONEOS_DEPLOYMENT_TARGET = 12.2;
				MTL_ENABLE_DEBUG_INFO = NO;
				MTL_FAST_MATH = YES;
				SDKROOT = iphoneos;
				SWIFT_COMPILATION_MODE = wholemodule;
				SWIFT_OPTIMIZATION_LEVEL = "-O";
				VALIDATE_PRODUCT = YES;
			};
			name = Release;
		};
		C149E21D2284575300E4972F /* Debug */ = {
			isa = XCBuildConfiguration;
			buildSettings = {
				ASSETCATALOG_COMPILER_APPICON_NAME = AppIcon;
				CODE_SIGN_STYLE = Automatic;
				INFOPLIST_FILE = NotepadByV.Likhotkina/Info.plist;
				IPHONEOS_DEPLOYMENT_TARGET = 11.0;
				LD_RUNPATH_SEARCH_PATHS = (
					"$(inherited)",
					"@executable_path/Frameworks",
				);
				PRODUCT_BUNDLE_IDENTIFIER = "Viktoria.NotepadByV-Likhotkina";
				PRODUCT_NAME = "$(TARGET_NAME)";
				SWIFT_VERSION = 4.2;
				TARGETED_DEVICE_FAMILY = "1,2";
			};
			name = Debug;
		};
		C149E21E2284575300E4972F /* Release */ = {
			isa = XCBuildConfiguration;
			buildSettings = {
				ASSETCATALOG_COMPILER_APPICON_NAME = AppIcon;
				CODE_SIGN_STYLE = Automatic;
				INFOPLIST_FILE = NotepadByV.Likhotkina/Info.plist;
				IPHONEOS_DEPLOYMENT_TARGET = 11.0;
				LD_RUNPATH_SEARCH_PATHS = (
					"$(inherited)",
					"@executable_path/Frameworks",
				);
				PRODUCT_BUNDLE_IDENTIFIER = "Viktoria.NotepadByV-Likhotkina";
				PRODUCT_NAME = "$(TARGET_NAME)";
				SWIFT_VERSION = 4.2;
				TARGETED_DEVICE_FAMILY = "1,2";
			};
			name = Release;
		};
/* End XCBuildConfiguration section */

/* Begin XCConfigurationList section */
		C149E2022284575000E4972F /* Build configuration list for PBXProject "NotepadByV.Likhotkina" */ = {
			isa = XCConfigurationList;
			buildConfigurations = (
				C149E21A2284575300E4972F /* Debug */,
				C149E21B2284575300E4972F /* Release */,
			);
			defaultConfigurationIsVisible = 0;
			defaultConfigurationName = Release;
		};
		C149E21C2284575300E4972F /* Build configuration list for PBXNativeTarget "NotepadByV.Likhotkina" */ = {
			isa = XCConfigurationList;
			buildConfigurations = (
				C149E21D2284575300E4972F /* Debug */,
				C149E21E2284575300E4972F /* Release */,
			);
			defaultConfigurationIsVisible = 0;
			defaultConfigurationName = Release;
		};
/* End XCConfigurationList section */

/* Begin XCVersionGroup section */
		C149E2112284575000E4972F /* Notes.xcdatamodeld */ = {
			isa = XCVersionGroup;
			children = (
				C149E2122284575000E4972F /* NotepadByV_Likhotkina.xcdatamodel */,
			);
			currentVersion = C149E2122284575000E4972F /* NotepadByV_Likhotkina.xcdatamodel */;
			name = Notes.xcdatamodeld;
			path = ../Notes.xcdatamodeld;
			sourceTree = "<group>";
			versionGroupType = wrapper.xcdatamodel;
		};
/* End XCVersionGroup section */
	};
	rootObject = C149E1FF2284575000E4972F /* Project object */;
}
